
Microsoft Visual Studio Solution File, Format Version 12.00
# Visual Studio Version 16
VisualStudioVersion = 16.0.30611.23
MinimumVisualStudioVersion = 10.0.40219.1
Project("{9A19103F-16F7-4668-BE54-9A1E7A4F7556}") = "Scan2Email", "SendEmail\Scan2Email.csproj", "{1A02CCC7-F2E8-46BE-8329-FA552F5EEBFF}"
EndProject
Global
	GlobalSection(SolutionConfigurationPlatforms) = preSolution
		Debug|Any CPU = Debug|Any CPU
		Release|Any CPU = Release|Any CPU
	EndGlobalSection
	GlobalSection(ProjectConfigurationPlatforms) = postSolution
		{1A02CCC7-F2E8-46BE-8329-FA552F5EEBFF}.Debug|Any CPU.ActiveCfg = Debug|Any CPU
		{1A02CCC7-F2E8-46BE-8329-FA552F5EEBFF}.Debug|Any CPU.Build.0 = Debug|Any CPU
		{1A02CCC7-F2E8-46BE-8329-FA552F5EEBFF}.Release|Any CPU.ActiveCfg = Release|Any CPU
		{1A02CCC7-F2E8-46BE-8329-FA552F5EEBFF}.Release|Any CPU.Build.0 = Release|Any CPU
	EndGlobalSection
	GlobalSection(SolutionProperties) = preSolution
		HideSolutionNode = FALSE
	EndGlobalSection
	GlobalSection(ExtensibilityGlobals) = postSolution
		SolutionGuid = {455A9DCB-2147-480D-B708-69073E1ABF7D}
	EndGlobalSection
EndGlobal
